
Microsoft Visual Studio Solution File, Format Version 12.00
# Visual Studio Version 17
VisualStudioVersion = 17.8.34330.188
MinimumVisualStudioVersion = 10.0.40219.1
Project("{FAE04EC0-301F-11D3-BF4B-00C04F79EFBC}") = "01.DefineClassPerson", "01.DefineClassPerson\01.DefineClassPerson.csproj", "{7FDEC394-15C6-492B-A04B-93269F559259}"
EndProject
Project("{FAE04EC0-301F-11D3-BF4B-00C04F79EFBC}") = "02.CreatingConstructors", "02.CreatingConstructors\02.CreatingConstructors.csproj", "{A46252CE-9E96-4B9F-A802-286DF496C5A9}"
EndProject
Project("{FAE04EC0-301F-11D3-BF4B-00C04F79EFBC}") = "03.OldestFamilyMember", "03.OldestFamilyMember\03.OldestFamilyMember.csproj", "{E33D6CC0-87C2-43E0-8E78-D635E7FB1B00}"
EndProject
Project("{FAE04EC0-301F-11D3-BF4B-00C04F79EFBC}") = "04.OpinionPoll", "04.OpinionPoll\04.OpinionPoll.csproj", "{4E3F0902-8FEA-40F1-9184-B595EE4E04BD}"
EndProject
Project("{FAE04EC0-301F-11D3-BF4B-00C04F79EFBC}") = "05.DateModifier", "05.DateModifier\05.DateModifier.csproj", "{B98FB234-71B0-4C4F-A97F-D38BEFE3D44C}"
EndProject
Project("{FAE04EC0-301F-11D3-BF4B-00C04F79EFBC}") = "06.SpeedRacing", "06.SpeedRacing\06.SpeedRacing.csproj", "{702E5E76-67C9-49B0-8A1C-7856F1331203}"
EndProject
Project("{FAE04EC0-301F-11D3-BF4B-00C04F79EFBC}") = "07.RawData", "07.RawData\07.RawData.csproj", "{4BA1E106-06EC-4993-8D12-B0AEF79FED88}"
EndProject
Project("{FAE04EC0-301F-11D3-BF4B-00C04F79EFBC}") = "08.CarSalesman", "08.CarSalesman\08.CarSalesman.csproj", "{9D576266-1C3A-4511-9597-67C64AEF9C1E}"
EndProject
Project("{FAE04EC0-301F-11D3-BF4B-00C04F79EFBC}") = "09.PokemonTrainer", "09.PokemonTrainer\09.PokemonTrainer.csproj", "{387EDFF0-634A-4445-85AA-6AC29CA8A5B0}"
EndProject
Global
	GlobalSection(SolutionConfigurationPlatforms) = preSolution
		Debug|Any CPU = Debug|Any CPU
		Release|Any CPU = Release|Any CPU
	EndGlobalSection
	GlobalSection(ProjectConfigurationPlatforms) = postSolution
		{7FDEC394-15C6-492B-A04B-93269F559259}.Debug|Any CPU.ActiveCfg = Debug|Any CPU
		{7FDEC394-15C6-492B-A04B-93269F559259}.Debug|Any CPU.Build.0 = Debug|Any CPU
		{7FDEC394-15C6-492B-A04B-93269F559259}.Release|Any CPU.ActiveCfg = Release|Any CPU
		{7FDEC394-15C6-492B-A04B-93269F559259}.Release|Any CPU.Build.0 = Release|Any CPU
		{A46252CE-9E96-4B9F-A802-286DF496C5A9}.Debug|Any CPU.ActiveCfg = Debug|Any CPU
		{A46252CE-9E96-4B9F-A802-286DF496C5A9}.Debug|Any CPU.Build.0 = Debug|Any CPU
		{A46252CE-9E96-4B9F-A802-286DF496C5A9}.Release|Any CPU.ActiveCfg = Release|Any CPU
		{A46252CE-9E96-4B9F-A802-286DF496C5A9}.Release|Any CPU.Build.0 = Release|Any CPU
		{E33D6CC0-87C2-43E0-8E78-D635E7FB1B00}.Debug|Any CPU.ActiveCfg = Debug|Any CPU
		{E33D6CC0-87C2-43E0-8E78-D635E7FB1B00}.Debug|Any CPU.Build.0 = Debug|Any CPU
		{E33D6CC0-87C2-43E0-8E78-D635E7FB1B00}.Release|Any CPU.ActiveCfg = Release|Any CPU
		{E33D6CC0-87C2-43E0-8E78-D635E7FB1B00}.Release|Any CPU.Build.0 = Release|Any CPU
		{4E3F0902-8FEA-40F1-9184-B595EE4E04BD}.Debug|Any CPU.ActiveCfg = Debug|Any CPU
		{4E3F0902-8FEA-40F1-9184-B595EE4E04BD}.Debug|Any CPU.Build.0 = Debug|Any CPU
		{4E3F0902-8FEA-40F1-9184-B595EE4E04BD}.Release|Any CPU.ActiveCfg = Release|Any CPU
		{4E3F0902-8FEA-40F1-9184-B595EE4E04BD}.Release|Any CPU.Build.0 = Release|Any CPU
		{B98FB234-71B0-4C4F-A97F-D38BEFE3D44C}.Debug|Any CPU.ActiveCfg = Debug|Any CPU
		{B98FB234-71B0-4C4F-A97F-D38BEFE3D44C}.Debug|Any CPU.Build.0 = Debug|Any CPU
		{B98FB234-71B0-4C4F-A97F-D38BEFE3D44C}.Release|Any CPU.ActiveCfg = Release|Any CPU
		{B98FB234-71B0-4C4F-A97F-D38BEFE3D44C}.Release|Any CPU.Build.0 = Release|Any CPU
		{702E5E76-67C9-49B0-8A1C-7856F1331203}.Debug|Any CPU.ActiveCfg = Debug|Any CPU
		{702E5E76-67C9-49B0-8A1C-7856F1331203}.Debug|Any CPU.Build.0 = Debug|Any CPU
		{702E5E76-67C9-49B0-8A1C-7856F1331203}.Release|Any CPU.ActiveCfg = Release|Any CPU
		{702E5E76-67C9-49B0-8A1C-7856F1331203}.Release|Any CPU.Build.0 = Release|Any CPU
		{4BA1E106-06EC-4993-8D12-B0AEF79FED88}.Debug|Any CPU.ActiveCfg = Debug|Any CPU
		{4BA1E106-06EC-4993-8D12-B0AEF79FED88}.Debug|Any CPU.Build.0 = Debug|Any CPU
		{4BA1E106-06EC-4993-8D12-B0AEF79FED88}.Release|Any CPU.ActiveCfg = Release|Any CPU
		{4BA1E106-06EC-4993-8D12-B0AEF79FED88}.Release|Any CPU.Build.0 = Release|Any CPU
		{9D576266-1C3A-4511-9597-67C64AEF9C1E}.Debug|Any CPU.ActiveCfg = Debug|Any CPU
		{9D576266-1C3A-4511-9597-67C64AEF9C1E}.Debug|Any CPU.Build.0 = Debug|Any CPU
		{9D576266-1C3A-4511-9597-67C64AEF9C1E}.Release|Any CPU.ActiveCfg = Release|Any CPU
		{9D576266-1C3A-4511-9597-67C64AEF9C1E}.Release|Any CPU.Build.0 = Release|Any CPU
		{387EDFF0-634A-4445-85AA-6AC29CA8A5B0}.Debug|Any CPU.ActiveCfg = Debug|Any CPU
		{387EDFF0-634A-4445-85AA-6AC29CA8A5B0}.Debug|Any CPU.Build.0 = Debug|Any CPU
		{387EDFF0-634A-4445-85AA-6AC29CA8A5B0}.Release|Any CPU.ActiveCfg = Release|Any CPU
		{387EDFF0-634A-4445-85AA-6AC29CA8A5B0}.Release|Any CPU.Build.0 = Release|Any CPU
	EndGlobalSection
	GlobalSection(SolutionProperties) = preSolution
		HideSolutionNode = FALSE
	EndGlobalSection
	GlobalSection(ExtensibilityGlobals) = postSolution
		SolutionGuid = {A34F22D7-F230-4C0E-BC01-6A77C3329850}
	EndGlobalSection
EndGlobal
