
Microsoft Visual Studio Solution File, Format Version 12.00
# Visual Studio Version 17
VisualStudioVersion = 17.4.33213.308
MinimumVisualStudioVersion = 10.0.40219.1
Project("{9A19103F-16F7-4668-BE54-9A1E7A4F7556}") = "01.DiagonalDifference", "01.DiagonalDifference\01.DiagonalDifference.csproj", "{584682A3-FA8B-4BC5-BDAF-03ED240EB2DA}"
EndProject
Project("{9A19103F-16F7-4668-BE54-9A1E7A4F7556}") = "02.SquaresInMatrix", "02.SquaresInMatrix\02.SquaresInMatrix.csproj", "{7465383E-CDD2-442A-BC0A-515B53CA29CF}"
EndProject
Project("{9A19103F-16F7-4668-BE54-9A1E7A4F7556}") = "03.MaximalSum", "03.MaximalSum\03.MaximalSum.csproj", "{D1959517-336D-41CD-806E-114122F77583}"
EndProject
Project("{9A19103F-16F7-4668-BE54-9A1E7A4F7556}") = "04.MatrixShuffling", "04.MatrixShuffling\04.MatrixShuffling.csproj", "{42F45828-7F6D-4FAA-B941-C7D9AD066FEC}"
EndProject
Project("{9A19103F-16F7-4668-BE54-9A1E7A4F7556}") = "05.SnakeMoves", "05.SnakeMoves\05.SnakeMoves.csproj", "{AC9B3C0B-B094-4E4D-92B8-B53F8ED0111D}"
EndProject
Project("{FAE04EC0-301F-11D3-BF4B-00C04F79EFBC}") = "06.JaggedArrayManipulator", "06.JaggedArrayManipulator\06.JaggedArrayManipulator.csproj", "{925650ED-050C-4FD0-BDB5-E9E597CBC9A9}"
EndProject
Global
	GlobalSection(SolutionConfigurationPlatforms) = preSolution
		Debug|Any CPU = Debug|Any CPU
		Release|Any CPU = Release|Any CPU
	EndGlobalSection
	GlobalSection(ProjectConfigurationPlatforms) = postSolution
		{584682A3-FA8B-4BC5-BDAF-03ED240EB2DA}.Debug|Any CPU.ActiveCfg = Debug|Any CPU
		{584682A3-FA8B-4BC5-BDAF-03ED240EB2DA}.Debug|Any CPU.Build.0 = Debug|Any CPU
		{584682A3-FA8B-4BC5-BDAF-03ED240EB2DA}.Release|Any CPU.ActiveCfg = Release|Any CPU
		{584682A3-FA8B-4BC5-BDAF-03ED240EB2DA}.Release|Any CPU.Build.0 = Release|Any CPU
		{7465383E-CDD2-442A-BC0A-515B53CA29CF}.Debug|Any CPU.ActiveCfg = Debug|Any CPU
		{7465383E-CDD2-442A-BC0A-515B53CA29CF}.Debug|Any CPU.Build.0 = Debug|Any CPU
		{7465383E-CDD2-442A-BC0A-515B53CA29CF}.Release|Any CPU.ActiveCfg = Release|Any CPU
		{7465383E-CDD2-442A-BC0A-515B53CA29CF}.Release|Any CPU.Build.0 = Release|Any CPU
		{D1959517-336D-41CD-806E-114122F77583}.Debug|Any CPU.ActiveCfg = Debug|Any CPU
		{D1959517-336D-41CD-806E-114122F77583}.Debug|Any CPU.Build.0 = Debug|Any CPU
		{D1959517-336D-41CD-806E-114122F77583}.Release|Any CPU.ActiveCfg = Release|Any CPU
		{D1959517-336D-41CD-806E-114122F77583}.Release|Any CPU.Build.0 = Release|Any CPU
		{42F45828-7F6D-4FAA-B941-C7D9AD066FEC}.Debug|Any CPU.ActiveCfg = Debug|Any CPU
		{42F45828-7F6D-4FAA-B941-C7D9AD066FEC}.Debug|Any CPU.Build.0 = Debug|Any CPU
		{42F45828-7F6D-4FAA-B941-C7D9AD066FEC}.Release|Any CPU.ActiveCfg = Release|Any CPU
		{42F45828-7F6D-4FAA-B941-C7D9AD066FEC}.Release|Any CPU.Build.0 = Release|Any CPU
		{AC9B3C0B-B094-4E4D-92B8-B53F8ED0111D}.Debug|Any CPU.ActiveCfg = Debug|Any CPU
		{AC9B3C0B-B094-4E4D-92B8-B53F8ED0111D}.Debug|Any CPU.Build.0 = Debug|Any CPU
		{AC9B3C0B-B094-4E4D-92B8-B53F8ED0111D}.Release|Any CPU.ActiveCfg = Release|Any CPU
		{AC9B3C0B-B094-4E4D-92B8-B53F8ED0111D}.Release|Any CPU.Build.0 = Release|Any CPU
		{925650ED-050C-4FD0-BDB5-E9E597CBC9A9}.Debug|Any CPU.ActiveCfg = Debug|Any CPU
		{925650ED-050C-4FD0-BDB5-E9E597CBC9A9}.Debug|Any CPU.Build.0 = Debug|Any CPU
		{925650ED-050C-4FD0-BDB5-E9E597CBC9A9}.Release|Any CPU.ActiveCfg = Release|Any CPU
		{925650ED-050C-4FD0-BDB5-E9E597CBC9A9}.Release|Any CPU.Build.0 = Release|Any CPU
	EndGlobalSection
	GlobalSection(SolutionProperties) = preSolution
		HideSolutionNode = FALSE
	EndGlobalSection
	GlobalSection(ExtensibilityGlobals) = postSolution
		SolutionGuid = {41A451BB-A90E-4F64-A095-F04B0D71B8E7}
	EndGlobalSection
EndGlobal
